{
  "originHash" : "1620b26bc4a39e03747cb603b025219b91e0bbf9cdf491a5401234bc610e0264",
  "pins" : [
    {
      "identity" : "chameleon",
      "kind" : "remoteSourceControl",
      "location" : "https://github.com/dwsdolce/Chameleon",
      "state" : {
        "revision" : "916fb01bec2b8c7b7a274ba16be4341ee73b74f8",
        "version" : "2.2.1"
      }
    },
    {
      "identity" : "realm-core",
      "kind" : "remoteSourceControl",
      "location" : "https://github.com/realm/realm-core.git",
      "state" : {
        "revision" : "85eeca41654cc9070ad81a21a4b1d153ad467c33",
        "version" : "14.13.1"
      }
    },
    {
      "identity" : "realm-swift",
      "kind" : "remoteSourceControl",
      "location" : "https://github.com/realm/realm-swift.git",
      "state" : {
        "branch" : "master",
        "revision" : "1f09fb14dd9d275b5686016fe8508d491b87cb0b"
      }
    },
    {
      "identity" : "swipecellkit",
      "kind" : "remoteSourceControl",
      "location" : "https://github.com/SwipeCellKit/SwipeCellKit",
      "state" : {
        "revision" : "7219cad3098637176ace311510d11467dbfb9bb0",
        "version" : "2.7.1"
      }
    }
  ],
  "version" : 3
}
